// !$*UTF8*$!
{
	archiveVersion = 1;
	classes = {
	};
	objectVersion = 56;
	objects = {

/* Begin PBXBuildFile section */
		3F6810202A27ADD400F387F4 /* AppDelegate.swift in Sources */ = {isa = PBXBuildFile; fileRef = 3F68101F2A27ADD400F387F4 /* AppDelegate.swift */; };
		3F6810222A27ADD400F387F4 /* SceneDelegate.swift in Sources */ = {isa = PBXBuildFile; fileRef = 3F6810212A27ADD400F387F4 /* SceneDelegate.swift */; };
		3F6810242A27ADD400F387F4 /* WelcomeViewController.swift in Sources */ = {isa = PBXBuildFile; fileRef = 3F6810232A27ADD400F387F4 /* WelcomeViewController.swift */; };
		3F6810272A27ADD400F387F4 /* Main.storyboard in Resources */ = {isa = PBXBuildFile; fileRef = 3F6810252A27ADD400F387F4 /* Main.storyboard */; };
		3F6810292A27ADD800F387F4 /* Assets.xcassets in Resources */ = {isa = PBXBuildFile; fileRef = 3F6810282A27ADD800F387F4 /* Assets.xcassets */; };
		3F68102C2A27ADD800F387F4 /* LaunchScreen.storyboard in Resources */ = {isa = PBXBuildFile; fileRef = 3F68102A2A27ADD800F387F4 /* LaunchScreen.storyboard */; };
		3F6810342A27AF8600F387F4 /* RegisterViewController.swift in Sources */ = {isa = PBXBuildFile; fileRef = 3F6810332A27AF8600F387F4 /* RegisterViewController.swift */; };
		3F6810362A27AF9B00F387F4 /* LoginViewController.swift in Sources */ = {isa = PBXBuildFile; fileRef = 3F6810352A27AF9B00F387F4 /* LoginViewController.swift */; };
		3F6810382A27AFAE00F387F4 /* ChatViewController.swift in Sources */ = {isa = PBXBuildFile; fileRef = 3F6810372A27AFAE00F387F4 /* ChatViewController.swift */; };
		3F78F2F52A29063300394E3D /* GoogleService-Info.plist in Resources */ = {isa = PBXBuildFile; fileRef = 3F78F2F42A29063300394E3D /* GoogleService-Info.plist */; };
		3FB0511F2A2A472A007BF725 /* FirebaseAuth in Frameworks */ = {isa = PBXBuildFile; productRef = 3FB0511E2A2A472A007BF725 /* FirebaseAuth */; };
		3FB051212A2A472A007BF725 /* FirebaseFirestore in Frameworks */ = {isa = PBXBuildFile; productRef = 3FB051202A2A472A007BF725 /* FirebaseFirestore */; };
		3FB051232A2A5A53007BF725 /* Constants.swift in Sources */ = {isa = PBXBuildFile; fileRef = 3FB051222A2A5A53007BF725 /* Constants.swift */; };
		3FB051252A2A699A007BF725 /* Message.swift in Sources */ = {isa = PBXBuildFile; fileRef = 3FB051242A2A699A007BF725 /* Message.swift */; };
		3FB051282A2A6EC0007BF725 /* MessageCell.swift in Sources */ = {isa = PBXBuildFile; fileRef = 3FB051262A2A6EC0007BF725 /* MessageCell.swift */; };
		3FB051292A2A6EC0007BF725 /* MessageCell.xib in Resources */ = {isa = PBXBuildFile; fileRef = 3FB051272A2A6EC0007BF725 /* MessageCell.xib */; };
		FC3603D2378AA42FA4613044 /* Pods_WhatsChat.framework in Frameworks */ = {isa = PBXBuildFile; fileRef = FC6EA0A9D292F95B22A3F2E5 /* Pods_WhatsChat.framework */; };
/* End PBXBuildFile section */

/* Begin PBXFileReference section */
		0163BFB21721C4DC369AFF8B /* Pods-WhatsChat.release.xcconfig */ = {isa = PBXFileReference; includeInIndex = 1; lastKnownFileType = text.xcconfig; name = "Pods-WhatsChat.release.xcconfig"; path = "Target Support Files/Pods-WhatsChat/Pods-WhatsChat.release.xcconfig"; sourceTree = "<group>"; };
		1FBDE45910F07395610B7EA1 /* Pods-WhatsChat.debug.xcconfig */ = {isa = PBXFileReference; includeInIndex = 1; lastKnownFileType = text.xcconfig; name = "Pods-WhatsChat.debug.xcconfig"; path = "Target Support Files/Pods-WhatsChat/Pods-WhatsChat.debug.xcconfig"; sourceTree = "<group>"; };
		3F68101C2A27ADD400F387F4 /* WhatsChat.app */ = {isa = PBXFileReference; explicitFileType = wrapper.application; includeInIndex = 0; path = WhatsChat.app; sourceTree = BUILT_PRODUCTS_DIR; };
		3F68101F2A27ADD400F387F4 /* AppDelegate.swift */ = {isa = PBXFileReference; lastKnownFileType = sourcecode.swift; path = AppDelegate.swift; sourceTree = "<group>"; };
		3F6810212A27ADD400F387F4 /* SceneDelegate.swift */ = {isa = PBXFileReference; lastKnownFileType = sourcecode.swift; path = SceneDelegate.swift; sourceTree = "<group>"; };
		3F6810232A27ADD400F387F4 /* WelcomeViewController.swift */ = {isa = PBXFileReference; lastKnownFileType = sourcecode.swift; path = WelcomeViewController.swift; sourceTree = "<group>"; };
		3F6810262A27ADD400F387F4 /* Base */ = {isa = PBXFileReference; lastKnownFileType = file.storyboard; name = Base; path = Base.lproj/Main.storyboard; sourceTree = "<group>"; };
		3F6810282A27ADD800F387F4 /* Assets.xcassets */ = {isa = PBXFileReference; lastKnownFileType = folder.assetcatalog; path = Assets.xcassets; sourceTree = "<group>"; };
		3F68102B2A27ADD800F387F4 /* Base */ = {isa = PBXFileReference; lastKnownFileType = file.storyboard; name = Base; path = Base.lproj/LaunchScreen.storyboard; sourceTree = "<group>"; };
		3F68102D2A27ADD800F387F4 /* Info.plist */ = {isa = PBXFileReference; lastKnownFileType = text.plist.xml; path = Info.plist; sourceTree = "<group>"; };
		3F6810332A27AF8600F387F4 /* RegisterViewController.swift */ = {isa = PBXFileReference; lastKnownFileType = sourcecode.swift; path = RegisterViewController.swift; sourceTree = "<group>"; };
		3F6810352A27AF9B00F387F4 /* LoginViewController.swift */ = {isa = PBXFileReference; lastKnownFileType = sourcecode.swift; path = LoginViewController.swift; sourceTree = "<group>"; };
		3F6810372A27AFAE00F387F4 /* ChatViewController.swift */ = {isa = PBXFileReference; lastKnownFileType = sourcecode.swift; path = ChatViewController.swift; sourceTree = "<group>"; };
		3F78F2F42A29063300394E3D /* GoogleService-Info.plist */ = {isa = PBXFileReference; lastKnownFileType = text.plist; name = "GoogleService-Info.plist"; path = "Pods/GoogleService-Info.plist"; sourceTree = SOURCE_ROOT; };
		3FB051222A2A5A53007BF725 /* Constants.swift */ = {isa = PBXFileReference; lastKnownFileType = sourcecode.swift; path = Constants.swift; sourceTree = "<group>"; };
		3FB051242A2A699A007BF725 /* Message.swift */ = {isa = PBXFileReference; lastKnownFileType = sourcecode.swift; path = Message.swift; sourceTree = "<group>"; };
		3FB051262A2A6EC0007BF725 /* MessageCell.swift */ = {isa = PBXFileReference; lastKnownFileType = sourcecode.swift; path = MessageCell.swift; sourceTree = "<group>"; };
		3FB051272A2A6EC0007BF725 /* MessageCell.xib */ = {isa = PBXFileReference; lastKnownFileType = file.xib; path = MessageCell.xib; sourceTree = "<group>"; };
		FC6EA0A9D292F95B22A3F2E5 /* Pods_WhatsChat.framework */ = {isa = PBXFileReference; explicitFileType = wrapper.framework; includeInIndex = 0; path = Pods_WhatsChat.framework; sourceTree = BUILT_PRODUCTS_DIR; };
/* End PBXFileReference section */

/* Begin PBXFrameworksBuildPhase section */
		3F6810192A27ADD400F387F4 /* Frameworks */ = {
			isa = PBXFrameworksBuildPhase;
			buildActionMask = 2147483647;
			files = (
				FC3603D2378AA42FA4613044 /* Pods_WhatsChat.framework in Frameworks */,
				3FB0511F2A2A472A007BF725 /* FirebaseAuth in Frameworks */,
				3FB051212A2A472A007BF725 /* FirebaseFirestore in Frameworks */,
			);
			runOnlyForDeploymentPostprocessing = 0;
		};
/* End PBXFrameworksBuildPhase section */

/* Begin PBXGroup section */
		3F6810132A27ADD400F387F4 = {
			isa = PBXGroup;
			children = (
				3F68101E2A27ADD400F387F4 /* WhatsChat */,
				3F68101D2A27ADD400F387F4 /* Products */,
				5520A8BBBF287AF401074F62 /* Pods */,
				C50F8245631B4B3D118A2786 /* Frameworks */,
			);
			sourceTree = "<group>";
		};
		3F68101D2A27ADD400F387F4 /* Products */ = {
			isa = PBXGroup;
			children = (
				3F68101C2A27ADD400F387F4 /* WhatsChat.app */,
			);
			name = Products;
			sourceTree = "<group>";
		};
		3F68101E2A27ADD400F387F4 /* WhatsChat */ = {
			isa = PBXGroup;
			children = (
				3F68101F2A27ADD400F387F4 /* AppDelegate.swift */,
				3F6810212A27ADD400F387F4 /* SceneDelegate.swift */,
				3F68103A2A27AFDD00F387F4 /* Models */,
				3F68103B2A27AFE600F387F4 /* Views */,
				3F6810392A27AFBD00F387F4 /* Controllers */,
				3F6810282A27ADD800F387F4 /* Assets.xcassets */,
				3F68102A2A27ADD800F387F4 /* LaunchScreen.storyboard */,
				3F68102D2A27ADD800F387F4 /* Info.plist */,
				3F78F2F42A29063300394E3D /* GoogleService-Info.plist */,
				3FB051222A2A5A53007BF725 /* Constants.swift */,
			);
			path = WhatsChat;
			sourceTree = "<group>";
		};
		3F6810392A27AFBD00F387F4 /* Controllers */ = {
			isa = PBXGroup;
			children = (
				3F6810232A27ADD400F387F4 /* WelcomeViewController.swift */,
				3F6810332A27AF8600F387F4 /* RegisterViewController.swift */,
				3F6810352A27AF9B00F387F4 /* LoginViewController.swift */,
				3F6810372A27AFAE00F387F4 /* ChatViewController.swift */,
			);
			name = Controllers;
			sourceTree = "<group>";
		};
		3F68103A2A27AFDD00F387F4 /* Models */ = {
			isa = PBXGroup;
			children = (
				3FB051242A2A699A007BF725 /* Message.swift */,
			);
			name = Models;
			path = ..;
			sourceTree = "<group>";
		};
		3F68103B2A27AFE600F387F4 /* Views */ = {
			isa = PBXGroup;
			children = (
				3F6810252A27ADD400F387F4 /* Main.storyboard */,
				3FB051262A2A6EC0007BF725 /* MessageCell.swift */,
				3FB051272A2A6EC0007BF725 /* MessageCell.xib */,
			);
			path = Views;
			sourceTree = "<group>";
		};
		5520A8BBBF287AF401074F62 /* Pods */ = {
			isa = PBXGroup;
			children = (
				1FBDE45910F07395610B7EA1 /* Pods-WhatsChat.debug.xcconfig */,
				0163BFB21721C4DC369AFF8B /* Pods-WhatsChat.release.xcconfig */,
			);
			path = Pods;
			sourceTree = "<group>";
		};
		C50F8245631B4B3D118A2786 /* Frameworks */ = {
			isa = PBXGroup;
			children = (
				FC6EA0A9D292F95B22A3F2E5 /* Pods_WhatsChat.framework */,
			);
			name = Frameworks;
			sourceTree = "<group>";
		};
/* End PBXGroup section */

/* Begin PBXNativeTarget section */
		3F68101B2A27ADD400F387F4 /* WhatsChat */ = {
			isa = PBXNativeTarget;
			buildConfigurationList = 3F6810302A27ADD800F387F4 /* Build configuration list for PBXNativeTarget "WhatsChat" */;
			buildPhases = (
				33004AA1745E2DD83E2CC0E8 /* [CP] Check Pods Manifest.lock */,
				3F6810182A27ADD400F387F4 /* Sources */,
				3F6810192A27ADD400F387F4 /* Frameworks */,
				3F68101A2A27ADD400F387F4 /* Resources */,
				133CF2C5D2E8F62DE0599CEF /* [CP] Embed Pods Frameworks */,
			);
			buildRules = (
			);
			dependencies = (
			);
			name = WhatsChat;
			packageProductDependencies = (
				3FB0511E2A2A472A007BF725 /* FirebaseAuth */,
				3FB051202A2A472A007BF725 /* FirebaseFirestore */,
			);
			productName = WhatsChat;
			productReference = 3F68101C2A27ADD400F387F4 /* WhatsChat.app */;
			productType = "com.apple.product-type.application";
		};
/* End PBXNativeTarget section */

/* Begin PBXProject section */
		3F6810142A27ADD400F387F4 /* Project object */ = {
			isa = PBXProject;
			attributes = {
				BuildIndependentTargetsInParallel = 1;
				LastSwiftUpdateCheck = 1400;
				LastUpgradeCheck = 1400;
				TargetAttributes = {
					3F68101B2A27ADD400F387F4 = {
						CreatedOnToolsVersion = 14.0;
					};
				};
			};
			buildConfigurationList = 3F6810172A27ADD400F387F4 /* Build configuration list for PBXProject "WhatsChat" */;
			compatibilityVersion = "Xcode 14.0";
			developmentRegion = en;
			hasScannedForEncodings = 0;
			knownRegions = (
				en,
				Base,
			);
			mainGroup = 3F6810132A27ADD400F387F4;
			packageReferences = (
				3FB0511D2A2A472A007BF725 /* XCRemoteSwiftPackageReference "firebase-ios-sdk" */,
			);
			productRefGroup = 3F68101D2A27ADD400F387F4 /* Products */;
			projectDirPath = "";
			projectRoot = "";
			targets = (
				3F68101B2A27ADD400F387F4 /* WhatsChat */,
			);
		};
/* End PBXProject section */

/* Begin PBXResourcesBuildPhase section */
		3F68101A2A27ADD400F387F4 /* Resources */ = {
			isa = PBXResourcesBuildPhase;
			buildActionMask = 2147483647;
			files = (
				3FB051292A2A6EC0007BF725 /* MessageCell.xib in Resources */,
				3F68102C2A27ADD800F387F4 /* LaunchScreen.storyboard in Resources */,
				3F78F2F52A29063300394E3D /* GoogleService-Info.plist in Resources */,
				3F6810292A27ADD800F387F4 /* Assets.xcassets in Resources */,
				3F6810272A27ADD400F387F4 /* Main.storyboard in Resources */,
			);
			runOnlyForDeploymentPostprocessing = 0;
		};
/* End PBXResourcesBuildPhase section */

/* Begin PBXShellScriptBuildPhase section */
		133CF2C5D2E8F62DE0599CEF /* [CP] Embed Pods Frameworks */ = {
			isa = PBXShellScriptBuildPhase;
			buildActionMask = 2147483647;
			files = (
			);
			inputFileListPaths = (
				"${PODS_ROOT}/Target Support Files/Pods-WhatsChat/Pods-WhatsChat-frameworks-${CONFIGURATION}-input-files.xcfilelist",
			);
			name = "[CP] Embed Pods Frameworks";
			outputFileListPaths = (
				"${PODS_ROOT}/Target Support Files/Pods-WhatsChat/Pods-WhatsChat-frameworks-${CONFIGURATION}-output-files.xcfilelist",
			);
			runOnlyForDeploymentPostprocessing = 0;
			shellPath = /bin/sh;
			shellScript = "\"${PODS_ROOT}/Target Support Files/Pods-WhatsChat/Pods-WhatsChat-frameworks.sh\"\n";
			showEnvVarsInLog = 0;
		};
		33004AA1745E2DD83E2CC0E8 /* [CP] Check Pods Manifest.lock */ = {
			isa = PBXShellScriptBuildPhase;
			buildActionMask = 2147483647;
			files = (
			);
			inputFileListPaths = (
			);
			inputPaths = (
				"${PODS_PODFILE_DIR_PATH}/Podfile.lock",
				"${PODS_ROOT}/Manifest.lock",
			);
			name = "[CP] Check Pods Manifest.lock";
			outputFileListPaths = (
			);
			outputPaths = (
				"$(DERIVED_FILE_DIR)/Pods-WhatsChat-checkManifestLockResult.txt",
			);
			runOnlyForDeploymentPostprocessing = 0;
			shellPath = /bin/sh;
			shellScript = "diff \"${PODS_PODFILE_DIR_PATH}/Podfile.lock\" \"${PODS_ROOT}/Manifest.lock\" > /dev/null\nif [ $? != 0 ] ; then\n    # print error to STDERR\n    echo \"error: The sandbox is not in sync with the Podfile.lock. Run 'pod install' or update your CocoaPods installation.\" >&2\n    exit 1\nfi\n# This output is used by Xcode 'outputs' to avoid re-running this script phase.\necho \"SUCCESS\" > \"${SCRIPT_OUTPUT_FILE_0}\"\n";
			showEnvVarsInLog = 0;
		};
/* End PBXShellScriptBuildPhase section */

/* Begin PBXSourcesBuildPhase section */
		3F6810182A27ADD400F387F4 /* Sources */ = {
			isa = PBXSourcesBuildPhase;
			buildActionMask = 2147483647;
			files = (
				3F6810242A27ADD400F387F4 /* WelcomeViewController.swift in Sources */,
				3F6810202A27ADD400F387F4 /* AppDelegate.swift in Sources */,
				3F6810222A27ADD400F387F4 /* SceneDelegate.swift in Sources */,
				3F6810362A27AF9B00F387F4 /* LoginViewController.swift in Sources */,
				3FB051232A2A5A53007BF725 /* Constants.swift in Sources */,
				3FB051252A2A699A007BF725 /* Message.swift in Sources */,
				3F6810382A27AFAE00F387F4 /* ChatViewController.swift in Sources */,
				3F6810342A27AF8600F387F4 /* RegisterViewController.swift in Sources */,
				3FB051282A2A6EC0007BF725 /* MessageCell.swift in Sources */,
			);
			runOnlyForDeploymentPostprocessing = 0;
		};
/* End PBXSourcesBuildPhase section */

/* Begin PBXVariantGroup section */
		3F6810252A27ADD400F387F4 /* Main.storyboard */ = {
			isa = PBXVariantGroup;
			children = (
				3F6810262A27ADD400F387F4 /* Base */,
			);
			name = Main.storyboard;
			sourceTree = "<group>";
		};
		3F68102A2A27ADD800F387F4 /* LaunchScreen.storyboard */ = {
			isa = PBXVariantGroup;
			children = (
				3F68102B2A27ADD800F387F4 /* Base */,
			);
			name = LaunchScreen.storyboard;
			sourceTree = "<group>";
		};
/* End PBXVariantGroup section */

/* Begin XCBuildConfiguration section */
		3F68102E2A27ADD800F387F4 /* Debug */ = {
			isa = XCBuildConfiguration;
			buildSettings = {
				ALWAYS_SEARCH_USER_PATHS = NO;
				CLANG_ANALYZER_NONNULL = YES;
				CLANG_ANALYZER_NUMBER_OBJECT_CONVERSION = YES_AGGRESSIVE;
				CLANG_CXX_LANGUAGE_STANDARD = "gnu++20";
				CLANG_ENABLE_MODULES = YES;
				CLANG_ENABLE_OBJC_ARC = YES;
				CLANG_ENABLE_OBJC_WEAK = YES;
				CLANG_WARN_BLOCK_CAPTURE_AUTORELEASING = YES;
				CLANG_WARN_BOOL_CONVERSION = YES;
				CLANG_WARN_COMMA = YES;
				CLANG_WARN_CONSTANT_CONVERSION = YES;
				CLANG_WARN_DEPRECATED_OBJC_IMPLEMENTATIONS = YES;
				CLANG_WARN_DIRECT_OBJC_ISA_USAGE = YES_ERROR;
				CLANG_WARN_DOCUMENTATION_COMMENTS = YES;
				CLANG_WARN_EMPTY_BODY = YES;
				CLANG_WARN_ENUM_CONVERSION = YES;
				CLANG_WARN_INFINITE_RECURSION = YES;
				CLANG_WARN_INT_CONVERSION = YES;
				CLANG_WARN_NON_LITERAL_NULL_CONVERSION = YES;
				CLANG_WARN_OBJC_IMPLICIT_RETAIN_SELF = YES;
				CLANG_WARN_OBJC_LITERAL_CONVERSION = YES;
				CLANG_WARN_OBJC_ROOT_CLASS = YES_ERROR;
				CLANG_WARN_QUOTED_INCLUDE_IN_FRAMEWORK_HEADER = YES;
				CLANG_WARN_RANGE_LOOP_ANALYSIS = YES;
				CLANG_WARN_STRICT_PROTOTYPES = YES;
				CLANG_WARN_SUSPICIOUS_MOVE = YES;
				CLANG_WARN_UNGUARDED_AVAILABILITY = YES_AGGRESSIVE;
				CLANG_WARN_UNREACHABLE_CODE = YES;
				CLANG_WARN__DUPLICATE_METHOD_MATCH = YES;
				COPY_PHASE_STRIP = NO;
				DEBUG_INFORMATION_FORMAT = dwarf;
				ENABLE_STRICT_OBJC_MSGSEND = YES;
				ENABLE_TESTABILITY = YES;
				GCC_C_LANGUAGE_STANDARD = gnu11;
				GCC_DYNAMIC_NO_PIC = NO;
				GCC_NO_COMMON_BLOCKS = YES;
				GCC_OPTIMIZATION_LEVEL = 0;
				GCC_PREPROCESSOR_DEFINITIONS = (
					"DEBUG=1",
					"$(inherited)",
				);
				GCC_WARN_64_TO_32_BIT_CONVERSION = YES;
				GCC_WARN_ABOUT_RETURN_TYPE = YES_ERROR;
				GCC_WARN_UNDECLARED_SELECTOR = YES;
				GCC_WARN_UNINITIALIZED_AUTOS = YES_AGGRESSIVE;
				GCC_WARN_UNUSED_FUNCTION = YES;
				GCC_WARN_UNUSED_VARIABLE = YES;
				IPHONEOS_DEPLOYMENT_TARGET = 16.0;
				MTL_ENABLE_DEBUG_INFO = INCLUDE_SOURCE;
				MTL_FAST_MATH = YES;
				ONLY_ACTIVE_ARCH = YES;
				SDKROOT = iphoneos;
				SWIFT_ACTIVE_COMPILATION_CONDITIONS = DEBUG;
				SWIFT_OPTIMIZATION_LEVEL = "-Onone";
			};
			name = Debug;
		};
		3F68102F2A27ADD800F387F4 /* Release */ = {
			isa = XCBuildConfiguration;
			buildSettings = {
				ALWAYS_SEARCH_USER_PATHS = NO;
				CLANG_ANALYZER_NONNULL = YES;
				CLANG_ANALYZER_NUMBER_OBJECT_CONVERSION = YES_AGGRESSIVE;
				CLANG_CXX_LANGUAGE_STANDARD = "gnu++20";
				CLANG_ENABLE_MODULES = YES;
				CLANG_ENABLE_OBJC_ARC = YES;
				CLANG_ENABLE_OBJC_WEAK = YES;
				CLANG_WARN_BLOCK_CAPTURE_AUTORELEASING = YES;
				CLANG_WARN_BOOL_CONVERSION = YES;
				CLANG_WARN_COMMA = YES;
				CLANG_WARN_CONSTANT_CONVERSION = YES;
				CLANG_WARN_DEPRECATED_OBJC_IMPLEMENTATIONS = YES;
				CLANG_WARN_DIRECT_OBJC_ISA_USAGE = YES_ERROR;
				CLANG_WARN_DOCUMENTATION_COMMENTS = YES;
				CLANG_WARN_EMPTY_BODY = YES;
				CLANG_WARN_ENUM_CONVERSION = YES;
				CLANG_WARN_INFINITE_RECURSION = YES;
				CLANG_WARN_INT_CONVERSION = YES;
				CLANG_WARN_NON_LITERAL_NULL_CONVERSION = YES;
				CLANG_WARN_OBJC_IMPLICIT_RETAIN_SELF = YES;
				CLANG_WARN_OBJC_LITERAL_CONVERSION = YES;
				CLANG_WARN_OBJC_ROOT_CLASS = YES_ERROR;
				CLANG_WARN_QUOTED_INCLUDE_IN_FRAMEWORK_HEADER = YES;
				CLANG_WARN_RANGE_LOOP_ANALYSIS = YES;
				CLANG_WARN_STRICT_PROTOTYPES = YES;
				CLANG_WARN_SUSPICIOUS_MOVE = YES;
				CLANG_WARN_UNGUARDED_AVAILABILITY = YES_AGGRESSIVE;
				CLANG_WARN_UNREACHABLE_CODE = YES;
				CLANG_WARN__DUPLICATE_METHOD_MATCH = YES;
				COPY_PHASE_STRIP = NO;
				DEBUG_INFORMATION_FORMAT = "dwarf-with-dsym";
				ENABLE_NS_ASSERTIONS = NO;
				ENABLE_STRICT_OBJC_MSGSEND = YES;
				GCC_C_LANGUAGE_STANDARD = gnu11;
				GCC_NO_COMMON_BLOCKS = YES;
				GCC_WARN_64_TO_32_BIT_CONVERSION = YES;
				GCC_WARN_ABOUT_RETURN_TYPE = YES_ERROR;
				GCC_WARN_UNDECLARED_SELECTOR = YES;
				GCC_WARN_UNINITIALIZED_AUTOS = YES_AGGRESSIVE;
				GCC_WARN_UNUSED_FUNCTION = YES;
				GCC_WARN_UNUSED_VARIABLE = YES;
				IPHONEOS_DEPLOYMENT_TARGET = 16.0;
				MTL_ENABLE_DEBUG_INFO = NO;
				MTL_FAST_MATH = YES;
				SDKROOT = iphoneos;
				SWIFT_COMPILATION_MODE = wholemodule;
				SWIFT_OPTIMIZATION_LEVEL = "-O";
				VALIDATE_PRODUCT = YES;
			};
			name = Release;
		};
		3F6810312A27ADD800F387F4 /* Debug */ = {
			isa = XCBuildConfiguration;
			baseConfigurationReference = 1FBDE45910F07395610B7EA1 /* Pods-WhatsChat.debug.xcconfig */;
			buildSettings = {
				ASSETCATALOG_COMPILER_APPICON_NAME = AppIcon;
				ASSETCATALOG_COMPILER_GLOBAL_ACCENT_COLOR_NAME = AccentColor;
				CODE_SIGN_STYLE = Automatic;
				CURRENT_PROJECT_VERSION = 1;
				DEVELOPMENT_TEAM = 49FZ53KNL9;
				GENERATE_INFOPLIST_FILE = YES;
				INFOPLIST_FILE = WhatsChat/Info.plist;
				INFOPLIST_KEY_UIApplicationSupportsIndirectInputEvents = YES;
				INFOPLIST_KEY_UILaunchStoryboardName = LaunchScreen;
				INFOPLIST_KEY_UIMainStoryboardFile = Main;
				INFOPLIST_KEY_UISupportedInterfaceOrientations_iPad = "UIInterfaceOrientationPortrait UIInterfaceOrientationPortraitUpsideDown UIInterfaceOrientationLandscapeLeft UIInterfaceOrientationLandscapeRight";
				INFOPLIST_KEY_UISupportedInterfaceOrientations_iPhone = "UIInterfaceOrientationPortrait UIInterfaceOrientationLandscapeLeft UIInterfaceOrientationLandscapeRight";
				LD_RUNPATH_SEARCH_PATHS = (
					"$(inherited)",
					"@executable_path/Frameworks",
				);
				MARKETING_VERSION = 1.0;
				PRODUCT_BUNDLE_IDENTIFIER = com.matson.WhatsChat;
				PRODUCT_NAME = "$(TARGET_NAME)";
				SWIFT_EMIT_LOC_STRINGS = YES;
				SWIFT_VERSION = 5.0;
				TARGETED_DEVICE_FAMILY = "1,2";
			};
			name = Debug;
		};
		3F6810322A27ADD800F387F4 /* Release */ = {
			isa = XCBuildConfiguration;
			baseConfigurationReference = 0163BFB21721C4DC369AFF8B /* Pods-WhatsChat.release.xcconfig */;
			buildSettings = {
				ASSETCATALOG_COMPILER_APPICON_NAME = AppIcon;
				ASSETCATALOG_COMPILER_GLOBAL_ACCENT_COLOR_NAME = AccentColor;
				CODE_SIGN_STYLE = Automatic;
				CURRENT_PROJECT_VERSION = 1;
				DEVELOPMENT_TEAM = 49FZ53KNL9;
				GENERATE_INFOPLIST_FILE = YES;
				INFOPLIST_FILE = WhatsChat/Info.plist;
				INFOPLIST_KEY_UIApplicationSupportsIndirectInputEvents = YES;
				INFOPLIST_KEY_UILaunchStoryboardName = LaunchScreen;
				INFOPLIST_KEY_UIMainStoryboardFile = Main;
				INFOPLIST_KEY_UISupportedInterfaceOrientations_iPad = "UIInterfaceOrientationPortrait UIInterfaceOrientationPortraitUpsideDown UIInterfaceOrientationLandscapeLeft UIInterfaceOrientationLandscapeRight";
				INFOPLIST_KEY_UISupportedInterfaceOrientations_iPhone = "UIInterfaceOrientationPortrait UIInterfaceOrientationLandscapeLeft UIInterfaceOrientationLandscapeRight";
				LD_RUNPATH_SEARCH_PATHS = (
					"$(inherited)",
					"@executable_path/Frameworks",
				);
				MARKETING_VERSION = 1.0;
				PRODUCT_BUNDLE_IDENTIFIER = com.matson.WhatsChat;
				PRODUCT_NAME = "$(TARGET_NAME)";
				SWIFT_EMIT_LOC_STRINGS = YES;
				SWIFT_VERSION = 5.0;
				TARGETED_DEVICE_FAMILY = "1,2";
			};
			name = Release;
		};
/* End XCBuildConfiguration section */

/* Begin XCConfigurationList section */
		3F6810172A27ADD400F387F4 /* Build configuration list for PBXProject "WhatsChat" */ = {
			isa = XCConfigurationList;
			buildConfigurations = (
				3F68102E2A27ADD800F387F4 /* Debug */,
				3F68102F2A27ADD800F387F4 /* Release */,
			);
			defaultConfigurationIsVisible = 0;
			defaultConfigurationName = Release;
		};
		3F6810302A27ADD800F387F4 /* Build configuration list for PBXNativeTarget "WhatsChat" */ = {
			isa = XCConfigurationList;
			buildConfigurations = (
				3F6810312A27ADD800F387F4 /* Debug */,
				3F6810322A27ADD800F387F4 /* Release */,
			);
			defaultConfigurationIsVisible = 0;
			defaultConfigurationName = Release;
		};
/* End XCConfigurationList section */

/* Begin XCRemoteSwiftPackageReference section */
		3FB0511D2A2A472A007BF725 /* XCRemoteSwiftPackageReference "firebase-ios-sdk" */ = {
			isa = XCRemoteSwiftPackageReference;
			repositoryURL = "https://github.com/firebase/firebase-ios-sdk.git";
			requirement = {
				kind = upToNextMajorVersion;
				minimumVersion = 9.0.0;
			};
		};
/* End XCRemoteSwiftPackageReference section */

/* Begin XCSwiftPackageProductDependency section */
		3FB0511E2A2A472A007BF725 /* FirebaseAuth */ = {
			isa = XCSwiftPackageProductDependency;
			package = 3FB0511D2A2A472A007BF725 /* XCRemoteSwiftPackageReference "firebase-ios-sdk" */;
			productName = FirebaseAuth;
		};
		3FB051202A2A472A007BF725 /* FirebaseFirestore */ = {
			isa = XCSwiftPackageProductDependency;
			package = 3FB0511D2A2A472A007BF725 /* XCRemoteSwiftPackageReference "firebase-ios-sdk" */;
			productName = FirebaseFirestore;
		};
/* End XCSwiftPackageProductDependency section */
	};
	rootObject = 3F6810142A27ADD400F387F4 /* Project object */;
}
